
Microsoft Visual Studio Solution File, Format Version 12.00
# Visual Studio Version 17
VisualStudioVersion = 17.14.36401.2 d17.14
MinimumVisualStudioVersion = 10.0.40219.1
Project("{FAE04EC0-301F-11D3-BF4B-00C04F79EFBC}") = "LexiGeht", "LexiGeht\LexiGeht.csproj", "{1F2314EE-F6DC-4040-A2AC-1AED1C4185DF}"
EndProject
Global
	GlobalSection(SolutionConfigurationPlatforms) = preSolution
		Debug|Any CPU = Debug|Any CPU
		Release|Any CPU = Release|Any CPU
	EndGlobalSection
	GlobalSection(ProjectConfigurationPlatforms) = postSolution
		{1F2314EE-F6DC-4040-A2AC-1AED1C4185DF}.Debug|Any CPU.ActiveCfg = Debug|Any CPU
		{1F2314EE-F6DC-4040-A2AC-1AED1C4185DF}.Debug|Any CPU.Build.0 = Debug|Any CPU
		{1F2314EE-F6DC-4040-A2AC-1AED1C4185DF}.Release|Any CPU.ActiveCfg = Release|Any CPU
		{1F2314EE-F6DC-4040-A2AC-1AED1C4185DF}.Release|Any CPU.Build.0 = Release|Any CPU
	EndGlobalSection
	GlobalSection(SolutionProperties) = preSolution
		HideSolutionNode = FALSE
	EndGlobalSection
	GlobalSection(ExtensibilityGlobals) = postSolution
		SolutionGuid = {CC3668CE-6025-4005-AE4D-EEA898C224DF}
	EndGlobalSection
EndGlobal
